PODS:
  - BlurSpinner (0.1.0):
    - FXBlurView (~> 1.6)
  - FXBlurView (1.6.3)

DEPENDENCIES:
  - BlurSpinner (from `../`)
  - FXBlurView (~> 1.6)

EXTERNAL SOURCES:
  BlurSpinner:
    :path: ../

SPEC CHECKSUMS:
  BlurSpinner: 0af4e0de39fc2919337e3abf12f026fd3c8a3d4d
  FXBlurView: c6d23f3d35af2c6282296a2930f61c6e2c788d01

COCOAPODS: 0.38.2
